
Microsoft Visual Studio Solution File, Format Version 12.00
# Visual Studio Version 17
VisualStudioVersion = 17.0.31903.59
MinimumVisualStudioVersion = 10.0.40219.1
Project("{2150E333-8FDC-42A3-9474-1A3956D46DE8}") = "src", "src", "{D3851D3A-FD8D-4BBF-9B44-8B8B49E1D324}"
EndProject
Project("{FAE04EC0-301F-11D3-BF4B-00C04F79EFBC}") = "Batchflow.EntityFrameworkExtensions", "src\Batchflow.EntityFrameworkExtensions\Batchflow.EntityFrameworkExtensions.csproj", "{92E9E6AA-E618-49C5-8345-11B864385572}"
EndProject
Project("{2150E333-8FDC-42A3-9474-1A3956D46DE8}") = "tests", "tests", "{C31F33CA-7545-40D6-B7B7-8013BA327711}"
EndProject
Project("{FAE04EC0-301F-11D3-BF4B-00C04F79EFBC}") = "Batchflow.EntityFrameworkExtensions.Tests", "tests\Batchflow.EntityFrameworkExtensions.Tests\Batchflow.EntityFrameworkExtensions.Tests.csproj", "{E711CA54-EA1D-43E1-8357-09EEE06EA79D}"
EndProject
Project("{2150E333-8FDC-42A3-9474-1A3956D46DE8}") = "benchmarks", "benchmarks", "{8BAD5A36-695E-4DCC-BE18-BB4A163C4F5B}"
EndProject
Project("{FAE04EC0-301F-11D3-BF4B-00C04F79EFBC}") = "Batchflow.EntityFrameworkExtensions.Benchmarks", "benchmarks\Batchflow.EntityFrameworkExtensions.Benchmarks\Batchflow.EntityFrameworkExtensions.Benchmarks.csproj", "{998ABD08-430F-410A-8BA2-E64DCB8AB97B}"
EndProject
Global
	GlobalSection(SolutionConfigurationPlatforms) = preSolution
		Debug|Any CPU = Debug|Any CPU
		Release|Any CPU = Release|Any CPU
	EndGlobalSection
	GlobalSection(SolutionProperties) = preSolution
		HideSolutionNode = FALSE
	EndGlobalSection
	GlobalSection(ProjectConfigurationPlatforms) = postSolution
		{92E9E6AA-E618-49C5-8345-11B864385572}.Debug|Any CPU.ActiveCfg = Debug|Any CPU
		{92E9E6AA-E618-49C5-8345-11B864385572}.Debug|Any CPU.Build.0 = Debug|Any CPU
		{92E9E6AA-E618-49C5-8345-11B864385572}.Release|Any CPU.ActiveCfg = Release|Any CPU
		{92E9E6AA-E618-49C5-8345-11B864385572}.Release|Any CPU.Build.0 = Release|Any CPU
		{E711CA54-EA1D-43E1-8357-09EEE06EA79D}.Debug|Any CPU.ActiveCfg = Debug|Any CPU
		{E711CA54-EA1D-43E1-8357-09EEE06EA79D}.Debug|Any CPU.Build.0 = Debug|Any CPU
		{E711CA54-EA1D-43E1-8357-09EEE06EA79D}.Release|Any CPU.ActiveCfg = Release|Any CPU
		{E711CA54-EA1D-43E1-8357-09EEE06EA79D}.Release|Any CPU.Build.0 = Release|Any CPU
		{998ABD08-430F-410A-8BA2-E64DCB8AB97B}.Debug|Any CPU.ActiveCfg = Debug|Any CPU
		{998ABD08-430F-410A-8BA2-E64DCB8AB97B}.Debug|Any CPU.Build.0 = Debug|Any CPU
		{998ABD08-430F-410A-8BA2-E64DCB8AB97B}.Release|Any CPU.ActiveCfg = Release|Any CPU
		{998ABD08-430F-410A-8BA2-E64DCB8AB97B}.Release|Any CPU.Build.0 = Release|Any CPU
	EndGlobalSection
	GlobalSection(NestedProjects) = preSolution
		{92E9E6AA-E618-49C5-8345-11B864385572} = {D3851D3A-FD8D-4BBF-9B44-8B8B49E1D324}
		{E711CA54-EA1D-43E1-8357-09EEE06EA79D} = {C31F33CA-7545-40D6-B7B7-8013BA327711}
		{998ABD08-430F-410A-8BA2-E64DCB8AB97B} = {8BAD5A36-695E-4DCC-BE18-BB4A163C4F5B}
	EndGlobalSection
EndGlobal
